{
  "name": "tsickle-tool",
  "version": "0.0.0",
  "lockfileVersion": 2,
  "requires": true,
  "packages": {
    "": {
      "name": "tsickle-tool",
      "version": "0.0.0",
      "license": "Apache-2.0",
      "dependencies": {
        "minimist": "^1.2.7",
        "tsickle": "^0.46.3",
        "typescript": "4.7.2"
      },
      "devDependencies": {
        "@types/minimist": "1.2.0",
        "@types/node": "^18.11.8"
      }
    },
    "node_modules/@types/minimist": {
      "version": "1.2.0",
      "resolved": "https://registry.npmjs.org/@types/minimist/-/minimist-1.2.0.tgz",
      "integrity": "sha512-BsF2gEVEIOcbQCSwXR6V14fGD6QLLT0yQBK6RpblkxVYP9x8ANNThpxMUxV7h4KKjqMDR8qELlcnqrEoyvsohw==",
      "dev": true
    },
    "node_modules/@types/node": {
      "version": "18.11.8",
      "resolved": "https://registry.npmjs.org/@types/node/-/node-18.11.8.tgz",
      "integrity": "sha512-uGwPWlE0Hj972KkHtCDVwZ8O39GmyjfMane1Z3GUBGGnkZ2USDq7SxLpVIiIHpweY9DS0QTDH0Nw7RNBsAAZ5A==",
      "dev": true
    },
    "node_modules/minimist": {
      "version": "1.2.7",
      "resolved": "https://registry.npmjs.org/minimist/-/minimist-1.2.7.tgz",
      "integrity": "sha512-bzfL1YUZsP41gmu/qjrEk0Q6i2ix/cVeAhbCbqH9u3zYutS1cLg00qhrD0M2MVdCcx4Sc0UpP2eBWo9rotpq6g==",
      "funding": {
        "url": "https://github.com/sponsors/ljharb"
      }
    },
    "node_modules/tsickle": {
      "version": "0.46.3",
      "resolved": "https://registry.npmjs.org/tsickle/-/tsickle-0.46.3.tgz",
      "integrity": "sha512-9PDXxOrtn2AdpvDin6FLGveXVGg8ec3ga8fh8mPR5lz9KtitW6riVgxgagicdfF1rgiBxDeH+5hVowPXhmZbYQ==",
      "dependencies": {
        "@types/minimist": "^1.2.1"
      },
      "peerDependencies": {
        "typescript": "~4.7.2"
      }
    },
    "node_modules/tsickle/node_modules/@types/minimist": {
      "version": "1.2.2",
      "resolved": "https://registry.npmjs.org/@types/minimist/-/minimist-1.2.2.tgz",
      "integrity": "sha512-jhuKLIRrhvCPLqwPcx6INqmKeiA5EWrsCOPhrlFSrbrmU4ZMPjj5Ul/oLCMDO98XRUIwVm78xICz4EPCektzeQ=="
    },
    "node_modules/typescript": {
      "version": "4.7.2",
      "resolved": "https://registry.npmjs.org/typescript/-/typescript-4.7.2.tgz",
      "integrity": "sha512-Mamb1iX2FDUpcTRzltPxgWMKy3fhg0TN378ylbktPGPK/99KbDtMQ4W1hwgsbPAsG3a0xKa1vmw4VKZQbkvz5A==",
      "bin": {
        "tsc": "bin/tsc",
        "tsserver": "bin/tsserver"
      },
      "engines": {
        "node": ">=4.2.0"
      }
    }
  },
  "dependencies": {
    "@types/minimist": {
      "version": "1.2.0",
      "resolved": "https://registry.npmjs.org/@types/minimist/-/minimist-1.2.0.tgz",
      "integrity": "sha512-BsF2gEVEIOcbQCSwXR6V14fGD6QLLT0yQBK6RpblkxVYP9x8ANNThpxMUxV7h4KKjqMDR8qELlcnqrEoyvsohw==",
      "dev": true
    },
    "@types/node": {
      "version": "18.11.8",
      "resolved": "https://registry.npmjs.org/@types/node/-/node-18.11.8.tgz",
      "integrity": "sha512-uGwPWlE0Hj972KkHtCDVwZ8O39GmyjfMane1Z3GUBGGnkZ2USDq7SxLpVIiIHpweY9DS0QTDH0Nw7RNBsAAZ5A==",
      "dev": true
    },
    "minimist": {
      "version": "1.2.7",
      "resolved": "https://registry.npmjs.org/minimist/-/minimist-1.2.7.tgz",
      "integrity": "sha512-bzfL1YUZsP41gmu/qjrEk0Q6i2ix/cVeAhbCbqH9u3zYutS1cLg00qhrD0M2MVdCcx4Sc0UpP2eBWo9rotpq6g=="
    },
    "tsickle": {
      "version": "0.46.3",
      "resolved": "https://registry.npmjs.org/tsickle/-/tsickle-0.46.3.tgz",
      "integrity": "sha512-9PDXxOrtn2AdpvDin6FLGveXVGg8ec3ga8fh8mPR5lz9KtitW6riVgxgagicdfF1rgiBxDeH+5hVowPXhmZbYQ==",
      "requires": {
        "@types/minimist": "^1.2.1"
      },
      "dependencies": {
        "@types/minimist": {
          "version": "1.2.2",
          "resolved": "https://registry.npmjs.org/@types/minimist/-/minimist-1.2.2.tgz",
          "integrity": "sha512-jhuKLIRrhvCPLqwPcx6INqmKeiA5EWrsCOPhrlFSrbrmU4ZMPjj5Ul/oLCMDO98XRUIwVm78xICz4EPCektzeQ=="
        }
      }
    },
    "typescript": {
      "version": "4.7.2",
      "resolved": "https://registry.npmjs.org/typescript/-/typescript-4.7.2.tgz",
      "integrity": "sha512-Mamb1iX2FDUpcTRzltPxgWMKy3fhg0TN378ylbktPGPK/99KbDtMQ4W1hwgsbPAsG3a0xKa1vmw4VKZQbkvz5A=="
    }
  }
}
